
Microsoft Visual Studio Solution File, Format Version 12.00
# Visual Studio Version 17
VisualStudioVersion = 17.5.002.0
MinimumVisualStudioVersion = 10.0.40219.1
Project("{2150E333-8FDC-42A3-9474-1A3956D46DE8}") = "02-RSantana", "02-RSantana", "{99523692-5D36-4161-96AB-3EB467E9E021}"
EndProject
Project("{9A19103F-16F7-4668-BE54-9A1E7A4F7556}") = "TemplateMethod", "02-RSantana\TemplateMethod\TemplateMethod.csproj", "{FEB2205C-91C0-4164-B6DE-44038A9935C2}"
EndProject
Project("{9A19103F-16F7-4668-BE54-9A1E7A4F7556}") = "Prototype", "02-RSantana\Prototype\Prototype.csproj", "{C5C26791-7B4D-4DD5-B61D-D982C04A1078}"
EndProject
Project("{9A19103F-16F7-4668-BE54-9A1E7A4F7556}") = "Facade", "02-RSantana\Facade\Facade.csproj", "{6E24E13B-5B4E-465A-906F-ADA90F4DE47D}"
EndProject
Project("{9A19103F-16F7-4668-BE54-9A1E7A4F7556}") = "Builder", "02-RSantana\Builder\Builder.csproj", "{02295054-9265-4289-814F-50E396DA177F}"
EndProject
Project("{9A19103F-16F7-4668-BE54-9A1E7A4F7556}") = "AbstractFactory", "02-RSantana\AbstractFactory\AbstractFactory.csproj", "{EBA2DE2A-D780-4233-B60B-386DF8CE68A8}"
EndProject
Project("{9A19103F-16F7-4668-BE54-9A1E7A4F7556}") = "Bridge", "02-RSantana\Bridge\Bridge.csproj", "{54361339-9F94-4B53-8A36-73ACFDF5B72D}"
EndProject
Project("{9A19103F-16F7-4668-BE54-9A1E7A4F7556}") = "Visitor", "02-RSantana\Visitor\Visitor.csproj", "{C1315E68-7E8F-431F-BE20-E9C1DAA58F5D}"
EndProject
Project("{9A19103F-16F7-4668-BE54-9A1E7A4F7556}") = "Singleton", "02-RSantana\Singleton\Singleton.csproj", "{589CD607-5263-49B0-965A-C6AEC3E97ECA}"
EndProject
Project("{9A19103F-16F7-4668-BE54-9A1E7A4F7556}") = "Proxy", "02-RSantana\Proxy\Proxy.csproj", "{E0F30E9F-1AD1-4EBB-9532-1DD30093D979}"
EndProject
Project("{9A19103F-16F7-4668-BE54-9A1E7A4F7556}") = "Decorator", "02-RSantana\Decorator\Decorator.csproj", "{CA31F7B3-F8D2-4FAA-836F-FCE94C66F81C}"
EndProject
Project("{9A19103F-16F7-4668-BE54-9A1E7A4F7556}") = "Interpreter", "02-RSantana\Interpreter\Interpreter.csproj", "{8AC551B3-945E-4F6A-9C5A-62E68AC625E0}"
EndProject
Project("{9A19103F-16F7-4668-BE54-9A1E7A4F7556}") = "Adapter", "02-RSantana\Adapter\Adapter.csproj", "{781E2081-F07F-46C1-A683-1CE4AA11B561}"
EndProject
Project("{9A19103F-16F7-4668-BE54-9A1E7A4F7556}") = "Composite", "02-RSantana\Composite\Composite.csproj", "{CE1CAC59-5B67-4EC8-AACB-E43207C70670}"
EndProject
Project("{9A19103F-16F7-4668-BE54-9A1E7A4F7556}") = "Observer", "02-RSantana\Observer\Observer.csproj", "{E368EF0A-B81B-4911-A263-5A7768A48C3A}"
EndProject
Project("{9A19103F-16F7-4668-BE54-9A1E7A4F7556}") = "Flyweight", "02-RSantana\Flyweight\Flyweight.csproj", "{21776BB3-6368-423E-805C-8A9A4F84A6AF}"
EndProject
Project("{9A19103F-16F7-4668-BE54-9A1E7A4F7556}") = "FactoryMethod", "02-RSantana\FactoryMethod\FactoryMethod.csproj", "{E069900E-07CE-4C92-A652-3A2AD2015A6F}"
EndProject
Project("{2150E333-8FDC-42A3-9474-1A3956D46DE8}") = "01-CoffeeNCode", "01-CoffeeNCode", "{0CC8A3E0-4232-435A-955A-5FF925E995BB}"
EndProject
Project("{9A19103F-16F7-4668-BE54-9A1E7A4F7556}") = "b-second", "01-CoffeeNCode\b-second\b-second.csproj", "{AED66B78-F215-416A-B5C8-F434BA6C6074}"
EndProject
Project("{9A19103F-16F7-4668-BE54-9A1E7A4F7556}") = "a-first", "01-CoffeeNCode\a-first\a-first.csproj", "{CD66D36E-1084-48E7-A87D-C529CEBA2E19}"
EndProject
Project("{9A19103F-16F7-4668-BE54-9A1E7A4F7556}") = "c-third", "01-CoffeeNCode\c-third\c-third.csproj", "{89C63C46-FD4D-403D-8065-CD1393DC08A3}"
EndProject
Global
	GlobalSection(SolutionConfigurationPlatforms) = preSolution
		Debug|Any CPU = Debug|Any CPU
		Release|Any CPU = Release|Any CPU
	EndGlobalSection
	GlobalSection(ProjectConfigurationPlatforms) = postSolution
		{FEB2205C-91C0-4164-B6DE-44038A9935C2}.Debug|Any CPU.ActiveCfg = Debug|Any CPU
		{FEB2205C-91C0-4164-B6DE-44038A9935C2}.Debug|Any CPU.Build.0 = Debug|Any CPU
		{FEB2205C-91C0-4164-B6DE-44038A9935C2}.Release|Any CPU.ActiveCfg = Release|Any CPU
		{FEB2205C-91C0-4164-B6DE-44038A9935C2}.Release|Any CPU.Build.0 = Release|Any CPU
		{C5C26791-7B4D-4DD5-B61D-D982C04A1078}.Debug|Any CPU.ActiveCfg = Debug|Any CPU
		{C5C26791-7B4D-4DD5-B61D-D982C04A1078}.Debug|Any CPU.Build.0 = Debug|Any CPU
		{C5C26791-7B4D-4DD5-B61D-D982C04A1078}.Release|Any CPU.ActiveCfg = Release|Any CPU
		{C5C26791-7B4D-4DD5-B61D-D982C04A1078}.Release|Any CPU.Build.0 = Release|Any CPU
		{6E24E13B-5B4E-465A-906F-ADA90F4DE47D}.Debug|Any CPU.ActiveCfg = Debug|Any CPU
		{6E24E13B-5B4E-465A-906F-ADA90F4DE47D}.Debug|Any CPU.Build.0 = Debug|Any CPU
		{6E24E13B-5B4E-465A-906F-ADA90F4DE47D}.Release|Any CPU.ActiveCfg = Release|Any CPU
		{6E24E13B-5B4E-465A-906F-ADA90F4DE47D}.Release|Any CPU.Build.0 = Release|Any CPU
		{02295054-9265-4289-814F-50E396DA177F}.Debug|Any CPU.ActiveCfg = Debug|Any CPU
		{02295054-9265-4289-814F-50E396DA177F}.Debug|Any CPU.Build.0 = Debug|Any CPU
		{02295054-9265-4289-814F-50E396DA177F}.Release|Any CPU.ActiveCfg = Release|Any CPU
		{02295054-9265-4289-814F-50E396DA177F}.Release|Any CPU.Build.0 = Release|Any CPU
		{EBA2DE2A-D780-4233-B60B-386DF8CE68A8}.Debug|Any CPU.ActiveCfg = Debug|Any CPU
		{EBA2DE2A-D780-4233-B60B-386DF8CE68A8}.Debug|Any CPU.Build.0 = Debug|Any CPU
		{EBA2DE2A-D780-4233-B60B-386DF8CE68A8}.Release|Any CPU.ActiveCfg = Release|Any CPU
		{EBA2DE2A-D780-4233-B60B-386DF8CE68A8}.Release|Any CPU.Build.0 = Release|Any CPU
		{54361339-9F94-4B53-8A36-73ACFDF5B72D}.Debug|Any CPU.ActiveCfg = Debug|Any CPU
		{54361339-9F94-4B53-8A36-73ACFDF5B72D}.Debug|Any CPU.Build.0 = Debug|Any CPU
		{54361339-9F94-4B53-8A36-73ACFDF5B72D}.Release|Any CPU.ActiveCfg = Release|Any CPU
		{54361339-9F94-4B53-8A36-73ACFDF5B72D}.Release|Any CPU.Build.0 = Release|Any CPU
		{C1315E68-7E8F-431F-BE20-E9C1DAA58F5D}.Debug|Any CPU.ActiveCfg = Debug|Any CPU
		{C1315E68-7E8F-431F-BE20-E9C1DAA58F5D}.Debug|Any CPU.Build.0 = Debug|Any CPU
		{C1315E68-7E8F-431F-BE20-E9C1DAA58F5D}.Release|Any CPU.ActiveCfg = Release|Any CPU
		{C1315E68-7E8F-431F-BE20-E9C1DAA58F5D}.Release|Any CPU.Build.0 = Release|Any CPU
		{589CD607-5263-49B0-965A-C6AEC3E97ECA}.Debug|Any CPU.ActiveCfg = Debug|Any CPU
		{589CD607-5263-49B0-965A-C6AEC3E97ECA}.Debug|Any CPU.Build.0 = Debug|Any CPU
		{589CD607-5263-49B0-965A-C6AEC3E97ECA}.Release|Any CPU.ActiveCfg = Release|Any CPU
		{589CD607-5263-49B0-965A-C6AEC3E97ECA}.Release|Any CPU.Build.0 = Release|Any CPU
		{E0F30E9F-1AD1-4EBB-9532-1DD30093D979}.Debug|Any CPU.ActiveCfg = Debug|Any CPU
		{E0F30E9F-1AD1-4EBB-9532-1DD30093D979}.Debug|Any CPU.Build.0 = Debug|Any CPU
		{E0F30E9F-1AD1-4EBB-9532-1DD30093D979}.Release|Any CPU.ActiveCfg = Release|Any CPU
		{E0F30E9F-1AD1-4EBB-9532-1DD30093D979}.Release|Any CPU.Build.0 = Release|Any CPU
		{CA31F7B3-F8D2-4FAA-836F-FCE94C66F81C}.Debug|Any CPU.ActiveCfg = Debug|Any CPU
		{CA31F7B3-F8D2-4FAA-836F-FCE94C66F81C}.Debug|Any CPU.Build.0 = Debug|Any CPU
		{CA31F7B3-F8D2-4FAA-836F-FCE94C66F81C}.Release|Any CPU.ActiveCfg = Release|Any CPU
		{CA31F7B3-F8D2-4FAA-836F-FCE94C66F81C}.Release|Any CPU.Build.0 = Release|Any CPU
		{8AC551B3-945E-4F6A-9C5A-62E68AC625E0}.Debug|Any CPU.ActiveCfg = Debug|Any CPU
		{8AC551B3-945E-4F6A-9C5A-62E68AC625E0}.Debug|Any CPU.Build.0 = Debug|Any CPU
		{8AC551B3-945E-4F6A-9C5A-62E68AC625E0}.Release|Any CPU.ActiveCfg = Release|Any CPU
		{8AC551B3-945E-4F6A-9C5A-62E68AC625E0}.Release|Any CPU.Build.0 = Release|Any CPU
		{781E2081-F07F-46C1-A683-1CE4AA11B561}.Debug|Any CPU.ActiveCfg = Debug|Any CPU
		{781E2081-F07F-46C1-A683-1CE4AA11B561}.Debug|Any CPU.Build.0 = Debug|Any CPU
		{781E2081-F07F-46C1-A683-1CE4AA11B561}.Release|Any CPU.ActiveCfg = Release|Any CPU
		{781E2081-F07F-46C1-A683-1CE4AA11B561}.Release|Any CPU.Build.0 = Release|Any CPU
		{CE1CAC59-5B67-4EC8-AACB-E43207C70670}.Debug|Any CPU.ActiveCfg = Debug|Any CPU
		{CE1CAC59-5B67-4EC8-AACB-E43207C70670}.Debug|Any CPU.Build.0 = Debug|Any CPU
		{CE1CAC59-5B67-4EC8-AACB-E43207C70670}.Release|Any CPU.ActiveCfg = Release|Any CPU
		{CE1CAC59-5B67-4EC8-AACB-E43207C70670}.Release|Any CPU.Build.0 = Release|Any CPU
		{E368EF0A-B81B-4911-A263-5A7768A48C3A}.Debug|Any CPU.ActiveCfg = Debug|Any CPU
		{E368EF0A-B81B-4911-A263-5A7768A48C3A}.Debug|Any CPU.Build.0 = Debug|Any CPU
		{E368EF0A-B81B-4911-A263-5A7768A48C3A}.Release|Any CPU.ActiveCfg = Release|Any CPU
		{E368EF0A-B81B-4911-A263-5A7768A48C3A}.Release|Any CPU.Build.0 = Release|Any CPU
		{21776BB3-6368-423E-805C-8A9A4F84A6AF}.Debug|Any CPU.ActiveCfg = Debug|Any CPU
		{21776BB3-6368-423E-805C-8A9A4F84A6AF}.Debug|Any CPU.Build.0 = Debug|Any CPU
		{21776BB3-6368-423E-805C-8A9A4F84A6AF}.Release|Any CPU.ActiveCfg = Release|Any CPU
		{21776BB3-6368-423E-805C-8A9A4F84A6AF}.Release|Any CPU.Build.0 = Release|Any CPU
		{E069900E-07CE-4C92-A652-3A2AD2015A6F}.Debug|Any CPU.ActiveCfg = Debug|Any CPU
		{E069900E-07CE-4C92-A652-3A2AD2015A6F}.Debug|Any CPU.Build.0 = Debug|Any CPU
		{E069900E-07CE-4C92-A652-3A2AD2015A6F}.Release|Any CPU.ActiveCfg = Release|Any CPU
		{E069900E-07CE-4C92-A652-3A2AD2015A6F}.Release|Any CPU.Build.0 = Release|Any CPU
		{AED66B78-F215-416A-B5C8-F434BA6C6074}.Debug|Any CPU.ActiveCfg = Debug|Any CPU
		{AED66B78-F215-416A-B5C8-F434BA6C6074}.Debug|Any CPU.Build.0 = Debug|Any CPU
		{AED66B78-F215-416A-B5C8-F434BA6C6074}.Release|Any CPU.ActiveCfg = Release|Any CPU
		{AED66B78-F215-416A-B5C8-F434BA6C6074}.Release|Any CPU.Build.0 = Release|Any CPU
		{CD66D36E-1084-48E7-A87D-C529CEBA2E19}.Debug|Any CPU.ActiveCfg = Debug|Any CPU
		{CD66D36E-1084-48E7-A87D-C529CEBA2E19}.Debug|Any CPU.Build.0 = Debug|Any CPU
		{CD66D36E-1084-48E7-A87D-C529CEBA2E19}.Release|Any CPU.ActiveCfg = Release|Any CPU
		{CD66D36E-1084-48E7-A87D-C529CEBA2E19}.Release|Any CPU.Build.0 = Release|Any CPU
		{89C63C46-FD4D-403D-8065-CD1393DC08A3}.Debug|Any CPU.ActiveCfg = Debug|Any CPU
		{89C63C46-FD4D-403D-8065-CD1393DC08A3}.Debug|Any CPU.Build.0 = Debug|Any CPU
		{89C63C46-FD4D-403D-8065-CD1393DC08A3}.Release|Any CPU.ActiveCfg = Release|Any CPU
		{89C63C46-FD4D-403D-8065-CD1393DC08A3}.Release|Any CPU.Build.0 = Release|Any CPU
	EndGlobalSection
	GlobalSection(SolutionProperties) = preSolution
		HideSolutionNode = FALSE
	EndGlobalSection
	GlobalSection(NestedProjects) = preSolution
		{FEB2205C-91C0-4164-B6DE-44038A9935C2} = {99523692-5D36-4161-96AB-3EB467E9E021}
		{C5C26791-7B4D-4DD5-B61D-D982C04A1078} = {99523692-5D36-4161-96AB-3EB467E9E021}
		{6E24E13B-5B4E-465A-906F-ADA90F4DE47D} = {99523692-5D36-4161-96AB-3EB467E9E021}
		{02295054-9265-4289-814F-50E396DA177F} = {99523692-5D36-4161-96AB-3EB467E9E021}
		{EBA2DE2A-D780-4233-B60B-386DF8CE68A8} = {99523692-5D36-4161-96AB-3EB467E9E021}
		{54361339-9F94-4B53-8A36-73ACFDF5B72D} = {99523692-5D36-4161-96AB-3EB467E9E021}
		{C1315E68-7E8F-431F-BE20-E9C1DAA58F5D} = {99523692-5D36-4161-96AB-3EB467E9E021}
		{589CD607-5263-49B0-965A-C6AEC3E97ECA} = {99523692-5D36-4161-96AB-3EB467E9E021}
		{E0F30E9F-1AD1-4EBB-9532-1DD30093D979} = {99523692-5D36-4161-96AB-3EB467E9E021}
		{CA31F7B3-F8D2-4FAA-836F-FCE94C66F81C} = {99523692-5D36-4161-96AB-3EB467E9E021}
		{8AC551B3-945E-4F6A-9C5A-62E68AC625E0} = {99523692-5D36-4161-96AB-3EB467E9E021}
		{781E2081-F07F-46C1-A683-1CE4AA11B561} = {99523692-5D36-4161-96AB-3EB467E9E021}
		{CE1CAC59-5B67-4EC8-AACB-E43207C70670} = {99523692-5D36-4161-96AB-3EB467E9E021}
		{E368EF0A-B81B-4911-A263-5A7768A48C3A} = {99523692-5D36-4161-96AB-3EB467E9E021}
		{21776BB3-6368-423E-805C-8A9A4F84A6AF} = {99523692-5D36-4161-96AB-3EB467E9E021}
		{E069900E-07CE-4C92-A652-3A2AD2015A6F} = {99523692-5D36-4161-96AB-3EB467E9E021}
		{AED66B78-F215-416A-B5C8-F434BA6C6074} = {0CC8A3E0-4232-435A-955A-5FF925E995BB}
		{CD66D36E-1084-48E7-A87D-C529CEBA2E19} = {0CC8A3E0-4232-435A-955A-5FF925E995BB}
		{89C63C46-FD4D-403D-8065-CD1393DC08A3} = {0CC8A3E0-4232-435A-955A-5FF925E995BB}
	EndGlobalSection
	GlobalSection(ExtensibilityGlobals) = postSolution
		SolutionGuid = {60113AC1-389C-4BD7-8671-B3DE1A01BE3C}
	EndGlobalSection
EndGlobal
