
Microsoft Visual Studio Solution File, Format Version 12.00
# Visual Studio Version 17
VisualStudioVersion = 17.5.002.0
MinimumVisualStudioVersion = 10.0.40219.1
Project("{2150E333-8FDC-42A3-9474-1A3956D46DE8}") = "02-RSantana", "02-RSantana", "{73D252DF-1043-4B16-A324-204C1BDB2DCE}"
EndProject
Project("{9A19103F-16F7-4668-BE54-9A1E7A4F7556}") = "Prototype", "02-RSantana\Prototype\Prototype.csproj", "{CE79721B-AA91-4CC6-8DFB-EF761F652CAE}"
EndProject
Project("{9A19103F-16F7-4668-BE54-9A1E7A4F7556}") = "Builder", "02-RSantana\Builder\Builder.csproj", "{38E7A455-7205-461F-9D7E-28EF57A8D1F0}"
EndProject
Project("{9A19103F-16F7-4668-BE54-9A1E7A4F7556}") = "AbstractFactory", "02-RSantana\AbstractFactory\AbstractFactory.csproj", "{62545B6C-D367-4BB3-8B0C-E4133F138016}"
EndProject
Project("{9A19103F-16F7-4668-BE54-9A1E7A4F7556}") = "Bridge", "02-RSantana\Bridge\Bridge.csproj", "{4571553C-CC02-4A88-B776-4ABB6997BD90}"
EndProject
Project("{9A19103F-16F7-4668-BE54-9A1E7A4F7556}") = "Singleton", "02-RSantana\Singleton\Singleton.csproj", "{FC9DF3DB-144E-4FC8-8AC3-03C33400430C}"
EndProject
Project("{9A19103F-16F7-4668-BE54-9A1E7A4F7556}") = "Adapter", "02-RSantana\Adapter\Adapter.csproj", "{D2980551-FFA2-490F-8759-85681141AEF5}"
EndProject
Project("{9A19103F-16F7-4668-BE54-9A1E7A4F7556}") = "Flyweight", "02-RSantana\Flyweight\Flyweight.csproj", "{C377924A-2AE2-4B20-A320-30F7ACBC51F5}"
EndProject
Project("{9A19103F-16F7-4668-BE54-9A1E7A4F7556}") = "FactoryMethod", "02-RSantana\FactoryMethod\FactoryMethod.csproj", "{4FC7E34D-A493-4365-B9E8-CC637E508EF2}"
EndProject
Project("{2150E333-8FDC-42A3-9474-1A3956D46DE8}") = "01-CoffeeNCode", "01-CoffeeNCode", "{C4998F00-929E-42B2-8400-B904D5C28D23}"
EndProject
Project("{9A19103F-16F7-4668-BE54-9A1E7A4F7556}") = "b-second", "01-CoffeeNCode\b-second\b-second.csproj", "{11743E12-02BA-4493-9AF0-0C2BB96DAB01}"
EndProject
Project("{9A19103F-16F7-4668-BE54-9A1E7A4F7556}") = "a-first", "01-CoffeeNCode\a-first\a-first.csproj", "{A6A7406C-965B-4EFF-A8C1-798E5668D504}"
EndProject
Project("{9A19103F-16F7-4668-BE54-9A1E7A4F7556}") = "c-third", "01-CoffeeNCode\c-third\c-third.csproj", "{0CC5C640-2E7D-4AEC-9B36-0BD7A6D634AB}"
EndProject
Global
	GlobalSection(SolutionConfigurationPlatforms) = preSolution
		Debug|Any CPU = Debug|Any CPU
		Release|Any CPU = Release|Any CPU
	EndGlobalSection
	GlobalSection(ProjectConfigurationPlatforms) = postSolution
		{CE79721B-AA91-4CC6-8DFB-EF761F652CAE}.Debug|Any CPU.ActiveCfg = Debug|Any CPU
		{CE79721B-AA91-4CC6-8DFB-EF761F652CAE}.Debug|Any CPU.Build.0 = Debug|Any CPU
		{CE79721B-AA91-4CC6-8DFB-EF761F652CAE}.Release|Any CPU.ActiveCfg = Release|Any CPU
		{CE79721B-AA91-4CC6-8DFB-EF761F652CAE}.Release|Any CPU.Build.0 = Release|Any CPU
		{38E7A455-7205-461F-9D7E-28EF57A8D1F0}.Debug|Any CPU.ActiveCfg = Debug|Any CPU
		{38E7A455-7205-461F-9D7E-28EF57A8D1F0}.Debug|Any CPU.Build.0 = Debug|Any CPU
		{38E7A455-7205-461F-9D7E-28EF57A8D1F0}.Release|Any CPU.ActiveCfg = Release|Any CPU
		{38E7A455-7205-461F-9D7E-28EF57A8D1F0}.Release|Any CPU.Build.0 = Release|Any CPU
		{62545B6C-D367-4BB3-8B0C-E4133F138016}.Debug|Any CPU.ActiveCfg = Debug|Any CPU
		{62545B6C-D367-4BB3-8B0C-E4133F138016}.Debug|Any CPU.Build.0 = Debug|Any CPU
		{62545B6C-D367-4BB3-8B0C-E4133F138016}.Release|Any CPU.ActiveCfg = Release|Any CPU
		{62545B6C-D367-4BB3-8B0C-E4133F138016}.Release|Any CPU.Build.0 = Release|Any CPU
		{4571553C-CC02-4A88-B776-4ABB6997BD90}.Debug|Any CPU.ActiveCfg = Debug|Any CPU
		{4571553C-CC02-4A88-B776-4ABB6997BD90}.Debug|Any CPU.Build.0 = Debug|Any CPU
		{4571553C-CC02-4A88-B776-4ABB6997BD90}.Release|Any CPU.ActiveCfg = Release|Any CPU
		{4571553C-CC02-4A88-B776-4ABB6997BD90}.Release|Any CPU.Build.0 = Release|Any CPU
		{FC9DF3DB-144E-4FC8-8AC3-03C33400430C}.Debug|Any CPU.ActiveCfg = Debug|Any CPU
		{FC9DF3DB-144E-4FC8-8AC3-03C33400430C}.Debug|Any CPU.Build.0 = Debug|Any CPU
		{FC9DF3DB-144E-4FC8-8AC3-03C33400430C}.Release|Any CPU.ActiveCfg = Release|Any CPU
		{FC9DF3DB-144E-4FC8-8AC3-03C33400430C}.Release|Any CPU.Build.0 = Release|Any CPU
		{D2980551-FFA2-490F-8759-85681141AEF5}.Debug|Any CPU.ActiveCfg = Debug|Any CPU
		{D2980551-FFA2-490F-8759-85681141AEF5}.Debug|Any CPU.Build.0 = Debug|Any CPU
		{D2980551-FFA2-490F-8759-85681141AEF5}.Release|Any CPU.ActiveCfg = Release|Any CPU
		{D2980551-FFA2-490F-8759-85681141AEF5}.Release|Any CPU.Build.0 = Release|Any CPU
		{C377924A-2AE2-4B20-A320-30F7ACBC51F5}.Debug|Any CPU.ActiveCfg = Debug|Any CPU
		{C377924A-2AE2-4B20-A320-30F7ACBC51F5}.Debug|Any CPU.Build.0 = Debug|Any CPU
		{C377924A-2AE2-4B20-A320-30F7ACBC51F5}.Release|Any CPU.ActiveCfg = Release|Any CPU
		{C377924A-2AE2-4B20-A320-30F7ACBC51F5}.Release|Any CPU.Build.0 = Release|Any CPU
		{4FC7E34D-A493-4365-B9E8-CC637E508EF2}.Debug|Any CPU.ActiveCfg = Debug|Any CPU
		{4FC7E34D-A493-4365-B9E8-CC637E508EF2}.Debug|Any CPU.Build.0 = Debug|Any CPU
		{4FC7E34D-A493-4365-B9E8-CC637E508EF2}.Release|Any CPU.ActiveCfg = Release|Any CPU
		{4FC7E34D-A493-4365-B9E8-CC637E508EF2}.Release|Any CPU.Build.0 = Release|Any CPU
		{11743E12-02BA-4493-9AF0-0C2BB96DAB01}.Debug|Any CPU.ActiveCfg = Debug|Any CPU
		{11743E12-02BA-4493-9AF0-0C2BB96DAB01}.Debug|Any CPU.Build.0 = Debug|Any CPU
		{11743E12-02BA-4493-9AF0-0C2BB96DAB01}.Release|Any CPU.ActiveCfg = Release|Any CPU
		{11743E12-02BA-4493-9AF0-0C2BB96DAB01}.Release|Any CPU.Build.0 = Release|Any CPU
		{A6A7406C-965B-4EFF-A8C1-798E5668D504}.Debug|Any CPU.ActiveCfg = Debug|Any CPU
		{A6A7406C-965B-4EFF-A8C1-798E5668D504}.Debug|Any CPU.Build.0 = Debug|Any CPU
		{A6A7406C-965B-4EFF-A8C1-798E5668D504}.Release|Any CPU.ActiveCfg = Release|Any CPU
		{A6A7406C-965B-4EFF-A8C1-798E5668D504}.Release|Any CPU.Build.0 = Release|Any CPU
		{0CC5C640-2E7D-4AEC-9B36-0BD7A6D634AB}.Debug|Any CPU.ActiveCfg = Debug|Any CPU
		{0CC5C640-2E7D-4AEC-9B36-0BD7A6D634AB}.Debug|Any CPU.Build.0 = Debug|Any CPU
		{0CC5C640-2E7D-4AEC-9B36-0BD7A6D634AB}.Release|Any CPU.ActiveCfg = Release|Any CPU
		{0CC5C640-2E7D-4AEC-9B36-0BD7A6D634AB}.Release|Any CPU.Build.0 = Release|Any CPU
	EndGlobalSection
	GlobalSection(SolutionProperties) = preSolution
		HideSolutionNode = FALSE
	EndGlobalSection
	GlobalSection(NestedProjects) = preSolution
		{CE79721B-AA91-4CC6-8DFB-EF761F652CAE} = {73D252DF-1043-4B16-A324-204C1BDB2DCE}
		{38E7A455-7205-461F-9D7E-28EF57A8D1F0} = {73D252DF-1043-4B16-A324-204C1BDB2DCE}
		{62545B6C-D367-4BB3-8B0C-E4133F138016} = {73D252DF-1043-4B16-A324-204C1BDB2DCE}
		{4571553C-CC02-4A88-B776-4ABB6997BD90} = {73D252DF-1043-4B16-A324-204C1BDB2DCE}
		{FC9DF3DB-144E-4FC8-8AC3-03C33400430C} = {73D252DF-1043-4B16-A324-204C1BDB2DCE}
		{D2980551-FFA2-490F-8759-85681141AEF5} = {73D252DF-1043-4B16-A324-204C1BDB2DCE}
		{C377924A-2AE2-4B20-A320-30F7ACBC51F5} = {73D252DF-1043-4B16-A324-204C1BDB2DCE}
		{4FC7E34D-A493-4365-B9E8-CC637E508EF2} = {73D252DF-1043-4B16-A324-204C1BDB2DCE}
		{11743E12-02BA-4493-9AF0-0C2BB96DAB01} = {C4998F00-929E-42B2-8400-B904D5C28D23}
		{A6A7406C-965B-4EFF-A8C1-798E5668D504} = {C4998F00-929E-42B2-8400-B904D5C28D23}
		{0CC5C640-2E7D-4AEC-9B36-0BD7A6D634AB} = {C4998F00-929E-42B2-8400-B904D5C28D23}
	EndGlobalSection
	GlobalSection(ExtensibilityGlobals) = postSolution
		SolutionGuid = {7A9F4B99-D363-4472-8713-7D256D15A9B4}
	EndGlobalSection
EndGlobal
