
Microsoft Visual Studio Solution File, Format Version 12.00
# Visual Studio Version 17
VisualStudioVersion = 17.5.002.0
MinimumVisualStudioVersion = 10.0.40219.1
Project("{2150E333-8FDC-42A3-9474-1A3956D46DE8}") = "02-RSantana", "02-RSantana", "{88284349-33A3-47B3-81C5-7F9B7598D835}"
EndProject
Project("{9A19103F-16F7-4668-BE54-9A1E7A4F7556}") = "Memento", "02-RSantana\Memento\Memento.csproj", "{8558450D-950D-4EA9-A320-1778BF38FA35}"
EndProject
Project("{9A19103F-16F7-4668-BE54-9A1E7A4F7556}") = "TemplateMethod", "02-RSantana\TemplateMethod\TemplateMethod.csproj", "{009D406B-8143-4AE0-B6E6-FD2FB44D534F}"
EndProject
Project("{9A19103F-16F7-4668-BE54-9A1E7A4F7556}") = "Prototype", "02-RSantana\Prototype\Prototype.csproj", "{791CE909-A811-418D-A2F9-026DB725FBCE}"
EndProject
Project("{9A19103F-16F7-4668-BE54-9A1E7A4F7556}") = "State", "02-RSantana\State\State.csproj", "{B55A1CDB-6B28-4100-8B3F-DD58B0C0B52D}"
EndProject
Project("{9A19103F-16F7-4668-BE54-9A1E7A4F7556}") = "Facade", "02-RSantana\Facade\Facade.csproj", "{BDD10FF2-D1EA-4ACD-92E9-7624D333185A}"
EndProject
Project("{9A19103F-16F7-4668-BE54-9A1E7A4F7556}") = "Builder", "02-RSantana\Builder\Builder.csproj", "{5B835F6D-BD5C-47EB-9CA2-36852A7887BF}"
EndProject
Project("{9A19103F-16F7-4668-BE54-9A1E7A4F7556}") = "Iterator", "02-RSantana\Iterator\Iterator.csproj", "{18D77DB7-FC1C-456A-8823-7347CED1DA62}"
EndProject
Project("{9A19103F-16F7-4668-BE54-9A1E7A4F7556}") = "AbstractFactory", "02-RSantana\AbstractFactory\AbstractFactory.csproj", "{4F30C52A-1291-413E-9B4C-BDA22EFF30F2}"
EndProject
Project("{9A19103F-16F7-4668-BE54-9A1E7A4F7556}") = "Bridge", "02-RSantana\Bridge\Bridge.csproj", "{1C5C777A-0CEC-442C-ADD1-9105A16416E6}"
EndProject
Project("{9A19103F-16F7-4668-BE54-9A1E7A4F7556}") = "ChainOfResponsability", "02-RSantana\ChainOfResponsability\ChainOfResponsability.csproj", "{8410553B-2311-4A50-A9F9-369A369808E1}"
EndProject
Project("{9A19103F-16F7-4668-BE54-9A1E7A4F7556}") = "Visitor", "02-RSantana\Visitor\Visitor.csproj", "{54EB6B7D-4CF6-476C-AFA4-F70849E20A7F}"
EndProject
Project("{9A19103F-16F7-4668-BE54-9A1E7A4F7556}") = "Mediator", "02-RSantana\Mediator\Mediator.csproj", "{2255460E-6FD9-42BC-A4C4-C29A9BAE3DBE}"
EndProject
Project("{9A19103F-16F7-4668-BE54-9A1E7A4F7556}") = "Strategy", "02-RSantana\Strategy\Strategy.csproj", "{20068761-9668-4A1C-BFAD-1FAC0C11088C}"
EndProject
Project("{9A19103F-16F7-4668-BE54-9A1E7A4F7556}") = "Singleton", "02-RSantana\Singleton\Singleton.csproj", "{376B0486-8363-4E05-B860-4FC9A9AB9038}"
EndProject
Project("{9A19103F-16F7-4668-BE54-9A1E7A4F7556}") = "Command", "02-RSantana\Command\Command.csproj", "{7157CC8D-25C2-4CF0-9911-A3105493594B}"
EndProject
Project("{9A19103F-16F7-4668-BE54-9A1E7A4F7556}") = "Proxy", "02-RSantana\Proxy\Proxy.csproj", "{D0DCA446-E228-4005-81E9-163F82E950C7}"
EndProject
Project("{9A19103F-16F7-4668-BE54-9A1E7A4F7556}") = "Decorator", "02-RSantana\Decorator\Decorator.csproj", "{6264DAEE-4723-4DD1-BBA8-FFBC61787669}"
EndProject
Project("{9A19103F-16F7-4668-BE54-9A1E7A4F7556}") = "Interpreter", "02-RSantana\Interpreter\Interpreter.csproj", "{06C32EA5-9F9A-4276-B467-0D8D3D33915C}"
EndProject
Project("{9A19103F-16F7-4668-BE54-9A1E7A4F7556}") = "Adapter", "02-RSantana\Adapter\Adapter.csproj", "{3EA0C4CE-2E34-4A9B-A0A3-E1188A3396B1}"
EndProject
Project("{9A19103F-16F7-4668-BE54-9A1E7A4F7556}") = "Composite", "02-RSantana\Composite\Composite.csproj", "{AF0C54BD-0F0E-4B1B-9A56-A5D13968506D}"
EndProject
Project("{9A19103F-16F7-4668-BE54-9A1E7A4F7556}") = "Observer", "02-RSantana\Observer\Observer.csproj", "{2F8106DD-FA17-4822-89E8-96FB2BD2D55E}"
EndProject
Project("{9A19103F-16F7-4668-BE54-9A1E7A4F7556}") = "Flyweight", "02-RSantana\Flyweight\Flyweight.csproj", "{7336974F-949C-4C94-8A96-1924BA6B98AF}"
EndProject
Project("{9A19103F-16F7-4668-BE54-9A1E7A4F7556}") = "FactoryMethod", "02-RSantana\FactoryMethod\FactoryMethod.csproj", "{93B6726D-F2CB-44A6-BC64-648654C00063}"
EndProject
Project("{2150E333-8FDC-42A3-9474-1A3956D46DE8}") = "01-CoffeeNCode", "01-CoffeeNCode", "{BC8A1F54-A04A-4B0C-8701-DE29A70DE4DF}"
EndProject
Project("{9A19103F-16F7-4668-BE54-9A1E7A4F7556}") = "b-second", "01-CoffeeNCode\b-second\b-second.csproj", "{CEB81068-63D7-45D4-B214-7463D2E57924}"
EndProject
Project("{9A19103F-16F7-4668-BE54-9A1E7A4F7556}") = "a-first", "01-CoffeeNCode\a-first\a-first.csproj", "{DBE20ADA-FB06-4445-B8D9-8E0AA744CECA}"
EndProject
Project("{9A19103F-16F7-4668-BE54-9A1E7A4F7556}") = "c-third", "01-CoffeeNCode\c-third\c-third.csproj", "{9E4CC469-3289-4B95-B825-CD5F4DF8E0EE}"
EndProject
Global
	GlobalSection(SolutionConfigurationPlatforms) = preSolution
		Debug|Any CPU = Debug|Any CPU
		Release|Any CPU = Release|Any CPU
	EndGlobalSection
	GlobalSection(ProjectConfigurationPlatforms) = postSolution
		{8558450D-950D-4EA9-A320-1778BF38FA35}.Debug|Any CPU.ActiveCfg = Debug|Any CPU
		{8558450D-950D-4EA9-A320-1778BF38FA35}.Debug|Any CPU.Build.0 = Debug|Any CPU
		{8558450D-950D-4EA9-A320-1778BF38FA35}.Release|Any CPU.ActiveCfg = Release|Any CPU
		{8558450D-950D-4EA9-A320-1778BF38FA35}.Release|Any CPU.Build.0 = Release|Any CPU
		{009D406B-8143-4AE0-B6E6-FD2FB44D534F}.Debug|Any CPU.ActiveCfg = Debug|Any CPU
		{009D406B-8143-4AE0-B6E6-FD2FB44D534F}.Debug|Any CPU.Build.0 = Debug|Any CPU
		{009D406B-8143-4AE0-B6E6-FD2FB44D534F}.Release|Any CPU.ActiveCfg = Release|Any CPU
		{009D406B-8143-4AE0-B6E6-FD2FB44D534F}.Release|Any CPU.Build.0 = Release|Any CPU
		{791CE909-A811-418D-A2F9-026DB725FBCE}.Debug|Any CPU.ActiveCfg = Debug|Any CPU
		{791CE909-A811-418D-A2F9-026DB725FBCE}.Debug|Any CPU.Build.0 = Debug|Any CPU
		{791CE909-A811-418D-A2F9-026DB725FBCE}.Release|Any CPU.ActiveCfg = Release|Any CPU
		{791CE909-A811-418D-A2F9-026DB725FBCE}.Release|Any CPU.Build.0 = Release|Any CPU
		{B55A1CDB-6B28-4100-8B3F-DD58B0C0B52D}.Debug|Any CPU.ActiveCfg = Debug|Any CPU
		{B55A1CDB-6B28-4100-8B3F-DD58B0C0B52D}.Debug|Any CPU.Build.0 = Debug|Any CPU
		{B55A1CDB-6B28-4100-8B3F-DD58B0C0B52D}.Release|Any CPU.ActiveCfg = Release|Any CPU
		{B55A1CDB-6B28-4100-8B3F-DD58B0C0B52D}.Release|Any CPU.Build.0 = Release|Any CPU
		{BDD10FF2-D1EA-4ACD-92E9-7624D333185A}.Debug|Any CPU.ActiveCfg = Debug|Any CPU
		{BDD10FF2-D1EA-4ACD-92E9-7624D333185A}.Debug|Any CPU.Build.0 = Debug|Any CPU
		{BDD10FF2-D1EA-4ACD-92E9-7624D333185A}.Release|Any CPU.ActiveCfg = Release|Any CPU
		{BDD10FF2-D1EA-4ACD-92E9-7624D333185A}.Release|Any CPU.Build.0 = Release|Any CPU
		{5B835F6D-BD5C-47EB-9CA2-36852A7887BF}.Debug|Any CPU.ActiveCfg = Debug|Any CPU
		{5B835F6D-BD5C-47EB-9CA2-36852A7887BF}.Debug|Any CPU.Build.0 = Debug|Any CPU
		{5B835F6D-BD5C-47EB-9CA2-36852A7887BF}.Release|Any CPU.ActiveCfg = Release|Any CPU
		{5B835F6D-BD5C-47EB-9CA2-36852A7887BF}.Release|Any CPU.Build.0 = Release|Any CPU
		{18D77DB7-FC1C-456A-8823-7347CED1DA62}.Debug|Any CPU.ActiveCfg = Debug|Any CPU
		{18D77DB7-FC1C-456A-8823-7347CED1DA62}.Debug|Any CPU.Build.0 = Debug|Any CPU
		{18D77DB7-FC1C-456A-8823-7347CED1DA62}.Release|Any CPU.ActiveCfg = Release|Any CPU
		{18D77DB7-FC1C-456A-8823-7347CED1DA62}.Release|Any CPU.Build.0 = Release|Any CPU
		{4F30C52A-1291-413E-9B4C-BDA22EFF30F2}.Debug|Any CPU.ActiveCfg = Debug|Any CPU
		{4F30C52A-1291-413E-9B4C-BDA22EFF30F2}.Debug|Any CPU.Build.0 = Debug|Any CPU
		{4F30C52A-1291-413E-9B4C-BDA22EFF30F2}.Release|Any CPU.ActiveCfg = Release|Any CPU
		{4F30C52A-1291-413E-9B4C-BDA22EFF30F2}.Release|Any CPU.Build.0 = Release|Any CPU
		{1C5C777A-0CEC-442C-ADD1-9105A16416E6}.Debug|Any CPU.ActiveCfg = Debug|Any CPU
		{1C5C777A-0CEC-442C-ADD1-9105A16416E6}.Debug|Any CPU.Build.0 = Debug|Any CPU
		{1C5C777A-0CEC-442C-ADD1-9105A16416E6}.Release|Any CPU.ActiveCfg = Release|Any CPU
		{1C5C777A-0CEC-442C-ADD1-9105A16416E6}.Release|Any CPU.Build.0 = Release|Any CPU
		{8410553B-2311-4A50-A9F9-369A369808E1}.Debug|Any CPU.ActiveCfg = Debug|Any CPU
		{8410553B-2311-4A50-A9F9-369A369808E1}.Debug|Any CPU.Build.0 = Debug|Any CPU
		{8410553B-2311-4A50-A9F9-369A369808E1}.Release|Any CPU.ActiveCfg = Release|Any CPU
		{8410553B-2311-4A50-A9F9-369A369808E1}.Release|Any CPU.Build.0 = Release|Any CPU
		{54EB6B7D-4CF6-476C-AFA4-F70849E20A7F}.Debug|Any CPU.ActiveCfg = Debug|Any CPU
		{54EB6B7D-4CF6-476C-AFA4-F70849E20A7F}.Debug|Any CPU.Build.0 = Debug|Any CPU
		{54EB6B7D-4CF6-476C-AFA4-F70849E20A7F}.Release|Any CPU.ActiveCfg = Release|Any CPU
		{54EB6B7D-4CF6-476C-AFA4-F70849E20A7F}.Release|Any CPU.Build.0 = Release|Any CPU
		{2255460E-6FD9-42BC-A4C4-C29A9BAE3DBE}.Debug|Any CPU.ActiveCfg = Debug|Any CPU
		{2255460E-6FD9-42BC-A4C4-C29A9BAE3DBE}.Debug|Any CPU.Build.0 = Debug|Any CPU
		{2255460E-6FD9-42BC-A4C4-C29A9BAE3DBE}.Release|Any CPU.ActiveCfg = Release|Any CPU
		{2255460E-6FD9-42BC-A4C4-C29A9BAE3DBE}.Release|Any CPU.Build.0 = Release|Any CPU
		{20068761-9668-4A1C-BFAD-1FAC0C11088C}.Debug|Any CPU.ActiveCfg = Debug|Any CPU
		{20068761-9668-4A1C-BFAD-1FAC0C11088C}.Debug|Any CPU.Build.0 = Debug|Any CPU
		{20068761-9668-4A1C-BFAD-1FAC0C11088C}.Release|Any CPU.ActiveCfg = Release|Any CPU
		{20068761-9668-4A1C-BFAD-1FAC0C11088C}.Release|Any CPU.Build.0 = Release|Any CPU
		{376B0486-8363-4E05-B860-4FC9A9AB9038}.Debug|Any CPU.ActiveCfg = Debug|Any CPU
		{376B0486-8363-4E05-B860-4FC9A9AB9038}.Debug|Any CPU.Build.0 = Debug|Any CPU
		{376B0486-8363-4E05-B860-4FC9A9AB9038}.Release|Any CPU.ActiveCfg = Release|Any CPU
		{376B0486-8363-4E05-B860-4FC9A9AB9038}.Release|Any CPU.Build.0 = Release|Any CPU
		{7157CC8D-25C2-4CF0-9911-A3105493594B}.Debug|Any CPU.ActiveCfg = Debug|Any CPU
		{7157CC8D-25C2-4CF0-9911-A3105493594B}.Debug|Any CPU.Build.0 = Debug|Any CPU
		{7157CC8D-25C2-4CF0-9911-A3105493594B}.Release|Any CPU.ActiveCfg = Release|Any CPU
		{7157CC8D-25C2-4CF0-9911-A3105493594B}.Release|Any CPU.Build.0 = Release|Any CPU
		{D0DCA446-E228-4005-81E9-163F82E950C7}.Debug|Any CPU.ActiveCfg = Debug|Any CPU
		{D0DCA446-E228-4005-81E9-163F82E950C7}.Debug|Any CPU.Build.0 = Debug|Any CPU
		{D0DCA446-E228-4005-81E9-163F82E950C7}.Release|Any CPU.ActiveCfg = Release|Any CPU
		{D0DCA446-E228-4005-81E9-163F82E950C7}.Release|Any CPU.Build.0 = Release|Any CPU
		{6264DAEE-4723-4DD1-BBA8-FFBC61787669}.Debug|Any CPU.ActiveCfg = Debug|Any CPU
		{6264DAEE-4723-4DD1-BBA8-FFBC61787669}.Debug|Any CPU.Build.0 = Debug|Any CPU
		{6264DAEE-4723-4DD1-BBA8-FFBC61787669}.Release|Any CPU.ActiveCfg = Release|Any CPU
		{6264DAEE-4723-4DD1-BBA8-FFBC61787669}.Release|Any CPU.Build.0 = Release|Any CPU
		{06C32EA5-9F9A-4276-B467-0D8D3D33915C}.Debug|Any CPU.ActiveCfg = Debug|Any CPU
		{06C32EA5-9F9A-4276-B467-0D8D3D33915C}.Debug|Any CPU.Build.0 = Debug|Any CPU
		{06C32EA5-9F9A-4276-B467-0D8D3D33915C}.Release|Any CPU.ActiveCfg = Release|Any CPU
		{06C32EA5-9F9A-4276-B467-0D8D3D33915C}.Release|Any CPU.Build.0 = Release|Any CPU
		{3EA0C4CE-2E34-4A9B-A0A3-E1188A3396B1}.Debug|Any CPU.ActiveCfg = Debug|Any CPU
		{3EA0C4CE-2E34-4A9B-A0A3-E1188A3396B1}.Debug|Any CPU.Build.0 = Debug|Any CPU
		{3EA0C4CE-2E34-4A9B-A0A3-E1188A3396B1}.Release|Any CPU.ActiveCfg = Release|Any CPU
		{3EA0C4CE-2E34-4A9B-A0A3-E1188A3396B1}.Release|Any CPU.Build.0 = Release|Any CPU
		{AF0C54BD-0F0E-4B1B-9A56-A5D13968506D}.Debug|Any CPU.ActiveCfg = Debug|Any CPU
		{AF0C54BD-0F0E-4B1B-9A56-A5D13968506D}.Debug|Any CPU.Build.0 = Debug|Any CPU
		{AF0C54BD-0F0E-4B1B-9A56-A5D13968506D}.Release|Any CPU.ActiveCfg = Release|Any CPU
		{AF0C54BD-0F0E-4B1B-9A56-A5D13968506D}.Release|Any CPU.Build.0 = Release|Any CPU
		{2F8106DD-FA17-4822-89E8-96FB2BD2D55E}.Debug|Any CPU.ActiveCfg = Debug|Any CPU
		{2F8106DD-FA17-4822-89E8-96FB2BD2D55E}.Debug|Any CPU.Build.0 = Debug|Any CPU
		{2F8106DD-FA17-4822-89E8-96FB2BD2D55E}.Release|Any CPU.ActiveCfg = Release|Any CPU
		{2F8106DD-FA17-4822-89E8-96FB2BD2D55E}.Release|Any CPU.Build.0 = Release|Any CPU
		{7336974F-949C-4C94-8A96-1924BA6B98AF}.Debug|Any CPU.ActiveCfg = Debug|Any CPU
		{7336974F-949C-4C94-8A96-1924BA6B98AF}.Debug|Any CPU.Build.0 = Debug|Any CPU
		{7336974F-949C-4C94-8A96-1924BA6B98AF}.Release|Any CPU.ActiveCfg = Release|Any CPU
		{7336974F-949C-4C94-8A96-1924BA6B98AF}.Release|Any CPU.Build.0 = Release|Any CPU
		{93B6726D-F2CB-44A6-BC64-648654C00063}.Debug|Any CPU.ActiveCfg = Debug|Any CPU
		{93B6726D-F2CB-44A6-BC64-648654C00063}.Debug|Any CPU.Build.0 = Debug|Any CPU
		{93B6726D-F2CB-44A6-BC64-648654C00063}.Release|Any CPU.ActiveCfg = Release|Any CPU
		{93B6726D-F2CB-44A6-BC64-648654C00063}.Release|Any CPU.Build.0 = Release|Any CPU
		{CEB81068-63D7-45D4-B214-7463D2E57924}.Debug|Any CPU.ActiveCfg = Debug|Any CPU
		{CEB81068-63D7-45D4-B214-7463D2E57924}.Debug|Any CPU.Build.0 = Debug|Any CPU
		{CEB81068-63D7-45D4-B214-7463D2E57924}.Release|Any CPU.ActiveCfg = Release|Any CPU
		{CEB81068-63D7-45D4-B214-7463D2E57924}.Release|Any CPU.Build.0 = Release|Any CPU
		{DBE20ADA-FB06-4445-B8D9-8E0AA744CECA}.Debug|Any CPU.ActiveCfg = Debug|Any CPU
		{DBE20ADA-FB06-4445-B8D9-8E0AA744CECA}.Debug|Any CPU.Build.0 = Debug|Any CPU
		{DBE20ADA-FB06-4445-B8D9-8E0AA744CECA}.Release|Any CPU.ActiveCfg = Release|Any CPU
		{DBE20ADA-FB06-4445-B8D9-8E0AA744CECA}.Release|Any CPU.Build.0 = Release|Any CPU
		{9E4CC469-3289-4B95-B825-CD5F4DF8E0EE}.Debug|Any CPU.ActiveCfg = Debug|Any CPU
		{9E4CC469-3289-4B95-B825-CD5F4DF8E0EE}.Debug|Any CPU.Build.0 = Debug|Any CPU
		{9E4CC469-3289-4B95-B825-CD5F4DF8E0EE}.Release|Any CPU.ActiveCfg = Release|Any CPU
		{9E4CC469-3289-4B95-B825-CD5F4DF8E0EE}.Release|Any CPU.Build.0 = Release|Any CPU
	EndGlobalSection
	GlobalSection(SolutionProperties) = preSolution
		HideSolutionNode = FALSE
	EndGlobalSection
	GlobalSection(NestedProjects) = preSolution
		{8558450D-950D-4EA9-A320-1778BF38FA35} = {88284349-33A3-47B3-81C5-7F9B7598D835}
		{009D406B-8143-4AE0-B6E6-FD2FB44D534F} = {88284349-33A3-47B3-81C5-7F9B7598D835}
		{791CE909-A811-418D-A2F9-026DB725FBCE} = {88284349-33A3-47B3-81C5-7F9B7598D835}
		{B55A1CDB-6B28-4100-8B3F-DD58B0C0B52D} = {88284349-33A3-47B3-81C5-7F9B7598D835}
		{BDD10FF2-D1EA-4ACD-92E9-7624D333185A} = {88284349-33A3-47B3-81C5-7F9B7598D835}
		{5B835F6D-BD5C-47EB-9CA2-36852A7887BF} = {88284349-33A3-47B3-81C5-7F9B7598D835}
		{18D77DB7-FC1C-456A-8823-7347CED1DA62} = {88284349-33A3-47B3-81C5-7F9B7598D835}
		{4F30C52A-1291-413E-9B4C-BDA22EFF30F2} = {88284349-33A3-47B3-81C5-7F9B7598D835}
		{1C5C777A-0CEC-442C-ADD1-9105A16416E6} = {88284349-33A3-47B3-81C5-7F9B7598D835}
		{8410553B-2311-4A50-A9F9-369A369808E1} = {88284349-33A3-47B3-81C5-7F9B7598D835}
		{54EB6B7D-4CF6-476C-AFA4-F70849E20A7F} = {88284349-33A3-47B3-81C5-7F9B7598D835}
		{2255460E-6FD9-42BC-A4C4-C29A9BAE3DBE} = {88284349-33A3-47B3-81C5-7F9B7598D835}
		{20068761-9668-4A1C-BFAD-1FAC0C11088C} = {88284349-33A3-47B3-81C5-7F9B7598D835}
		{376B0486-8363-4E05-B860-4FC9A9AB9038} = {88284349-33A3-47B3-81C5-7F9B7598D835}
		{7157CC8D-25C2-4CF0-9911-A3105493594B} = {88284349-33A3-47B3-81C5-7F9B7598D835}
		{D0DCA446-E228-4005-81E9-163F82E950C7} = {88284349-33A3-47B3-81C5-7F9B7598D835}
		{6264DAEE-4723-4DD1-BBA8-FFBC61787669} = {88284349-33A3-47B3-81C5-7F9B7598D835}
		{06C32EA5-9F9A-4276-B467-0D8D3D33915C} = {88284349-33A3-47B3-81C5-7F9B7598D835}
		{3EA0C4CE-2E34-4A9B-A0A3-E1188A3396B1} = {88284349-33A3-47B3-81C5-7F9B7598D835}
		{AF0C54BD-0F0E-4B1B-9A56-A5D13968506D} = {88284349-33A3-47B3-81C5-7F9B7598D835}
		{2F8106DD-FA17-4822-89E8-96FB2BD2D55E} = {88284349-33A3-47B3-81C5-7F9B7598D835}
		{7336974F-949C-4C94-8A96-1924BA6B98AF} = {88284349-33A3-47B3-81C5-7F9B7598D835}
		{93B6726D-F2CB-44A6-BC64-648654C00063} = {88284349-33A3-47B3-81C5-7F9B7598D835}
		{CEB81068-63D7-45D4-B214-7463D2E57924} = {BC8A1F54-A04A-4B0C-8701-DE29A70DE4DF}
		{DBE20ADA-FB06-4445-B8D9-8E0AA744CECA} = {BC8A1F54-A04A-4B0C-8701-DE29A70DE4DF}
		{9E4CC469-3289-4B95-B825-CD5F4DF8E0EE} = {BC8A1F54-A04A-4B0C-8701-DE29A70DE4DF}
	EndGlobalSection
	GlobalSection(ExtensibilityGlobals) = postSolution
		SolutionGuid = {699DA1D0-F409-42C6-94E2-E4CDCEAD8BAA}
	EndGlobalSection
EndGlobal
